// !$*UTF8*$!
{
	archiveVersion = 1;
	classes = {
	};
	objectVersion = 56;
	objects = {

/* Begin PBXBuildFile section */
		2647B64C2B1AA23D000E0A75 /* BankAPIManager.swift in Sources */ = {isa = PBXBuildFile; fileRef = 2647B64B2B1AA23D000E0A75 /* BankAPIManager.swift */; };
		2647B64E2B1AA5F8000E0A75 /* Constants.swift in Sources */ = {isa = PBXBuildFile; fileRef = 2647B64D2B1AA5F8000E0A75 /* Constants.swift */; };
		2684DEB52B0DFEA700DF7659 /* iosApp.swift in Sources */ = {isa = PBXBuildFile; fileRef = 2684DEB42B0DFEA700DF7659 /* iosApp.swift */; };
		2684DEB72B0DFEA700DF7659 /* ContentView.swift in Sources */ = {isa = PBXBuildFile; fileRef = 2684DEB62B0DFEA700DF7659 /* ContentView.swift */; };
		2684DEB92B0DFEA700DF7659 /* Assets.xcassets in Resources */ = {isa = PBXBuildFile; fileRef = 2684DEB82B0DFEA700DF7659 /* Assets.xcassets */; };
		2684DEBC2B0DFEA700DF7659 /* Preview Assets.xcassets in Resources */ = {isa = PBXBuildFile; fileRef = 2684DEBB2B0DFEA700DF7659 /* Preview Assets.xcassets */; };
		26857DB32B15E31D0085439B /* URLEncodedFormEncoder.swift in Sources */ = {isa = PBXBuildFile; fileRef = 26857DB22B15E31D0085439B /* URLEncodedFormEncoder.swift */; };
		26E9B8832B19650600FC8B3A /* SimpleKeychain in Frameworks */ = {isa = PBXBuildFile; productRef = 26E9B8822B19650600FC8B3A /* SimpleKeychain */; };
		26E9B8852B19653300FC8B3A /* CredentialManager.swift in Sources */ = {isa = PBXBuildFile; fileRef = 26E9B8842B19653300FC8B3A /* CredentialManager.swift */; };
		26EFC84D2B2A77EC00E79B52 /* PKBankAccountView.swift in Sources */ = {isa = PBXBuildFile; fileRef = 26EFC84C2B2A77EC00E79B52 /* PKBankAccountView.swift */; };
		26EFC84F2B2A8C4800E79B52 /* PKBankLoginView.swift in Sources */ = {isa = PBXBuildFile; fileRef = 26EFC84E2B2A8C4800E79B52 /* PKBankLoginView.swift */; };
/* End PBXBuildFile section */

/* Begin PBXFileReference section */
		2647B64B2B1AA23D000E0A75 /* BankAPIManager.swift */ = {isa = PBXFileReference; lastKnownFileType = sourcecode.swift; path = BankAPIManager.swift; sourceTree = "<group>"; };
		2647B64D2B1AA5F8000E0A75 /* Constants.swift */ = {isa = PBXFileReference; lastKnownFileType = sourcecode.swift; path = Constants.swift; sourceTree = "<group>"; };
		2647B64F2B1AA864000E0A75 /* Constants.xcconfig */ = {isa = PBXFileReference; lastKnownFileType = text.xcconfig; path = Constants.xcconfig; sourceTree = "<group>"; };
		2684DEB12B0DFEA700DF7659 /* PKBank.app */ = {isa = PBXFileReference; explicitFileType = wrapper.application; includeInIndex = 0; path = PKBank.app; sourceTree = BUILT_PRODUCTS_DIR; };
		2684DEB42B0DFEA700DF7659 /* iosApp.swift */ = {isa = PBXFileReference; lastKnownFileType = sourcecode.swift; path = iosApp.swift; sourceTree = "<group>"; };
		2684DEB62B0DFEA700DF7659 /* ContentView.swift */ = {isa = PBXFileReference; lastKnownFileType = sourcecode.swift; path = ContentView.swift; sourceTree = "<group>"; };
		2684DEB82B0DFEA700DF7659 /* Assets.xcassets */ = {isa = PBXFileReference; lastKnownFileType = folder.assetcatalog; path = Assets.xcassets; sourceTree = "<group>"; };
		2684DEBB2B0DFEA700DF7659 /* Preview Assets.xcassets */ = {isa = PBXFileReference; lastKnownFileType = folder.assetcatalog; path = "Preview Assets.xcassets"; sourceTree = "<group>"; };
		2684DEC22B0DFEBD00DF7659 /* Info.plist */ = {isa = PBXFileReference; lastKnownFileType = text.plist; path = Info.plist; sourceTree = "<group>"; };
		26857DB22B15E31D0085439B /* URLEncodedFormEncoder.swift */ = {isa = PBXFileReference; lastKnownFileType = sourcecode.swift; path = URLEncodedFormEncoder.swift; sourceTree = "<group>"; };
		26E9B8842B19653300FC8B3A /* CredentialManager.swift */ = {isa = PBXFileReference; lastKnownFileType = sourcecode.swift; path = CredentialManager.swift; sourceTree = "<group>"; };
		26EFC84C2B2A77EC00E79B52 /* PKBankAccountView.swift */ = {isa = PBXFileReference; lastKnownFileType = sourcecode.swift; path = PKBankAccountView.swift; sourceTree = "<group>"; };
		26EFC84E2B2A8C4800E79B52 /* PKBankLoginView.swift */ = {isa = PBXFileReference; lastKnownFileType = sourcecode.swift; path = PKBankLoginView.swift; sourceTree = "<group>"; };
/* End PBXFileReference section */

/* Begin PBXFrameworksBuildPhase section */
		2684DEAE2B0DFEA700DF7659 /* Frameworks */ = {
			isa = PBXFrameworksBuildPhase;
			buildActionMask = 2147483647;
			files = (
				26E9B8832B19650600FC8B3A /* SimpleKeychain in Frameworks */,
			);
			runOnlyForDeploymentPostprocessing = 0;
		};
/* End PBXFrameworksBuildPhase section */

/* Begin PBXGroup section */
		2684DEA82B0DFEA700DF7659 = {
			isa = PBXGroup;
			children = (
				2647B64F2B1AA864000E0A75 /* Constants.xcconfig */,
				2684DEB32B0DFEA700DF7659 /* PKBank */,
				2684DEB22B0DFEA700DF7659 /* Products */,
			);
			sourceTree = "<group>";
		};
		2684DEB22B0DFEA700DF7659 /* Products */ = {
			isa = PBXGroup;
			children = (
				2684DEB12B0DFEA700DF7659 /* PKBank.app */,
			);
			name = Products;
			sourceTree = "<group>";
		};
		2684DEB32B0DFEA700DF7659 /* PKBank */ = {
			isa = PBXGroup;
			children = (
				2684DEC22B0DFEBD00DF7659 /* Info.plist */,
				2684DEB42B0DFEA700DF7659 /* iosApp.swift */,
				2684DEB62B0DFEA700DF7659 /* ContentView.swift */,
				2684DEB82B0DFEA700DF7659 /* Assets.xcassets */,
				2684DEBA2B0DFEA700DF7659 /* Preview Content */,
				26857DB22B15E31D0085439B /* URLEncodedFormEncoder.swift */,
				26E9B8842B19653300FC8B3A /* CredentialManager.swift */,
				2647B64B2B1AA23D000E0A75 /* BankAPIManager.swift */,
				2647B64D2B1AA5F8000E0A75 /* Constants.swift */,
				26EFC84C2B2A77EC00E79B52 /* PKBankAccountView.swift */,
				26EFC84E2B2A8C4800E79B52 /* PKBankLoginView.swift */,
			);
			path = PKBank;
			sourceTree = "<group>";
		};
		2684DEBA2B0DFEA700DF7659 /* Preview Content */ = {
			isa = PBXGroup;
			children = (
				2684DEBB2B0DFEA700DF7659 /* Preview Assets.xcassets */,
			);
			path = "Preview Content";
			sourceTree = "<group>";
		};
/* End PBXGroup section */

/* Begin PBXNativeTarget section */
		2684DEB02B0DFEA700DF7659 /* PKBank */ = {
			isa = PBXNativeTarget;
			buildConfigurationList = 2684DEBF2B0DFEA700DF7659 /* Build configuration list for PBXNativeTarget "PKBank" */;
			buildPhases = (
				2684DEAD2B0DFEA700DF7659 /* Sources */,
				2684DEAE2B0DFEA700DF7659 /* Frameworks */,
				2684DEAF2B0DFEA700DF7659 /* Resources */,
			);
			buildRules = (
			);
			dependencies = (
			);
			name = PKBank;
			packageProductDependencies = (
				26E9B8822B19650600FC8B3A /* SimpleKeychain */,
			);
			productName = ios;
			productReference = 2684DEB12B0DFEA700DF7659 /* PKBank.app */;
			productType = "com.apple.product-type.application";
		};
/* End PBXNativeTarget section */

/* Begin PBXProject section */
		2684DEA92B0DFEA700DF7659 /* Project object */ = {
			isa = PBXProject;
			attributes = {
				BuildIndependentTargetsInParallel = 1;
				LastSwiftUpdateCheck = 1500;
				LastUpgradeCheck = 1500;
				TargetAttributes = {
					2684DEB02B0DFEA700DF7659 = {
						CreatedOnToolsVersion = 15.0.1;
					};
				};
			};
			buildConfigurationList = 2684DEAC2B0DFEA700DF7659 /* Build configuration list for PBXProject "PKBank" */;
			compatibilityVersion = "Xcode 14.0";
			developmentRegion = en;
			hasScannedForEncodings = 0;
			knownRegions = (
				en,
				Base,
			);
			mainGroup = 2684DEA82B0DFEA700DF7659;
			packageReferences = (
				26E9B8812B19650600FC8B3A /* XCRemoteSwiftPackageReference "SimpleKeychain" */,
			);
			productRefGroup = 2684DEB22B0DFEA700DF7659 /* Products */;
			projectDirPath = "";
			projectRoot = "";
			targets = (
				2684DEB02B0DFEA700DF7659 /* PKBank */,
			);
		};
/* End PBXProject section */

/* Begin PBXResourcesBuildPhase section */
		2684DEAF2B0DFEA700DF7659 /* Resources */ = {
			isa = PBXResourcesBuildPhase;
			buildActionMask = 2147483647;
			files = (
				2684DEBC2B0DFEA700DF7659 /* Preview Assets.xcassets in Resources */,
				2684DEB92B0DFEA700DF7659 /* Assets.xcassets in Resources */,
			);
			runOnlyForDeploymentPostprocessing = 0;
		};
/* End PBXResourcesBuildPhase section */

/* Begin PBXSourcesBuildPhase section */
		2684DEAD2B0DFEA700DF7659 /* Sources */ = {
			isa = PBXSourcesBuildPhase;
			buildActionMask = 2147483647;
			files = (
				26EFC84D2B2A77EC00E79B52 /* PKBankAccountView.swift in Sources */,
				26E9B8852B19653300FC8B3A /* CredentialManager.swift in Sources */,
				2684DEB72B0DFEA700DF7659 /* ContentView.swift in Sources */,
				26EFC84F2B2A8C4800E79B52 /* PKBankLoginView.swift in Sources */,
				2647B64C2B1AA23D000E0A75 /* BankAPIManager.swift in Sources */,
				26857DB32B15E31D0085439B /* URLEncodedFormEncoder.swift in Sources */,
				2684DEB52B0DFEA700DF7659 /* iosApp.swift in Sources */,
				2647B64E2B1AA5F8000E0A75 /* Constants.swift in Sources */,
			);
			runOnlyForDeploymentPostprocessing = 0;
		};
/* End PBXSourcesBuildPhase section */

/* Begin XCBuildConfiguration section */
		2684DEBD2B0DFEA700DF7659 /* Debug */ = {
			isa = XCBuildConfiguration;
			baseConfigurationReference = 2647B64F2B1AA864000E0A75 /* Constants.xcconfig */;
			buildSettings = {
				ALWAYS_SEARCH_USER_PATHS = NO;
				ASSETCATALOG_COMPILER_GENERATE_SWIFT_ASSET_SYMBOL_EXTENSIONS = YES;
				CLANG_ANALYZER_NONNULL = YES;
				CLANG_ANALYZER_NUMBER_OBJECT_CONVERSION = YES_AGGRESSIVE;
				CLANG_CXX_LANGUAGE_STANDARD = "gnu++20";
				CLANG_ENABLE_MODULES = YES;
				CLANG_ENABLE_OBJC_ARC = YES;
				CLANG_ENABLE_OBJC_WEAK = YES;
				CLANG_WARN_BLOCK_CAPTURE_AUTORELEASING = YES;
				CLANG_WARN_BOOL_CONVERSION = YES;
				CLANG_WARN_COMMA = YES;
				CLANG_WARN_CONSTANT_CONVERSION = YES;
				CLANG_WARN_DEPRECATED_OBJC_IMPLEMENTATIONS = YES;
				CLANG_WARN_DIRECT_OBJC_ISA_USAGE = YES_ERROR;
				CLANG_WARN_DOCUMENTATION_COMMENTS = YES;
				CLANG_WARN_EMPTY_BODY = YES;
				CLANG_WARN_ENUM_CONVERSION = YES;
				CLANG_WARN_INFINITE_RECURSION = YES;
				CLANG_WARN_INT_CONVERSION = YES;
				CLANG_WARN_NON_LITERAL_NULL_CONVERSION = YES;
				CLANG_WARN_OBJC_IMPLICIT_RETAIN_SELF = YES;
				CLANG_WARN_OBJC_LITERAL_CONVERSION = YES;
				CLANG_WARN_OBJC_ROOT_CLASS = YES_ERROR;
				CLANG_WARN_QUOTED_INCLUDE_IN_FRAMEWORK_HEADER = YES;
				CLANG_WARN_RANGE_LOOP_ANALYSIS = YES;
				CLANG_WARN_STRICT_PROTOTYPES = YES;
				CLANG_WARN_SUSPICIOUS_MOVE = YES;
				CLANG_WARN_UNGUARDED_AVAILABILITY = YES_AGGRESSIVE;
				CLANG_WARN_UNREACHABLE_CODE = YES;
				CLANG_WARN__DUPLICATE_METHOD_MATCH = YES;
				COPY_PHASE_STRIP = NO;
				DEBUG_INFORMATION_FORMAT = dwarf;
				ENABLE_STRICT_OBJC_MSGSEND = YES;
				ENABLE_TESTABILITY = YES;
				ENABLE_USER_SCRIPT_SANDBOXING = YES;
				GCC_C_LANGUAGE_STANDARD = gnu17;
				GCC_DYNAMIC_NO_PIC = NO;
				GCC_NO_COMMON_BLOCKS = YES;
				GCC_OPTIMIZATION_LEVEL = 0;
				GCC_PREPROCESSOR_DEFINITIONS = (
					"DEBUG=1",
					"$(inherited)",
				);
				GCC_WARN_64_TO_32_BIT_CONVERSION = YES;
				GCC_WARN_ABOUT_RETURN_TYPE = YES_ERROR;
				GCC_WARN_UNDECLARED_SELECTOR = YES;
				GCC_WARN_UNINITIALIZED_AUTOS = YES_AGGRESSIVE;
				GCC_WARN_UNUSED_FUNCTION = YES;
				GCC_WARN_UNUSED_VARIABLE = YES;
				IPHONEOS_DEPLOYMENT_TARGET = 17.0;
				LOCALIZATION_PREFERS_STRING_CATALOGS = YES;
				MTL_ENABLE_DEBUG_INFO = INCLUDE_SOURCE;
				MTL_FAST_MATH = YES;
				ONLY_ACTIVE_ARCH = YES;
				SDKROOT = iphoneos;
				SWIFT_ACTIVE_COMPILATION_CONDITIONS = "DEBUG $(inherited)";
				SWIFT_OPTIMIZATION_LEVEL = "-Onone";
			};
			name = Debug;
		};
		2684DEBE2B0DFEA700DF7659 /* Release */ = {
			isa = XCBuildConfiguration;
			baseConfigurationReference = 2647B64F2B1AA864000E0A75 /* Constants.xcconfig */;
			buildSettings = {
				ALWAYS_SEARCH_USER_PATHS = NO;
				ASSETCATALOG_COMPILER_GENERATE_SWIFT_ASSET_SYMBOL_EXTENSIONS = YES;
				CLANG_ANALYZER_NONNULL = YES;
				CLANG_ANALYZER_NUMBER_OBJECT_CONVERSION = YES_AGGRESSIVE;
				CLANG_CXX_LANGUAGE_STANDARD = "gnu++20";
				CLANG_ENABLE_MODULES = YES;
				CLANG_ENABLE_OBJC_ARC = YES;
				CLANG_ENABLE_OBJC_WEAK = YES;
				CLANG_WARN_BLOCK_CAPTURE_AUTORELEASING = YES;
				CLANG_WARN_BOOL_CONVERSION = YES;
				CLANG_WARN_COMMA = YES;
				CLANG_WARN_CONSTANT_CONVERSION = YES;
				CLANG_WARN_DEPRECATED_OBJC_IMPLEMENTATIONS = YES;
				CLANG_WARN_DIRECT_OBJC_ISA_USAGE = YES_ERROR;
				CLANG_WARN_DOCUMENTATION_COMMENTS = YES;
				CLANG_WARN_EMPTY_BODY = YES;
				CLANG_WARN_ENUM_CONVERSION = YES;
				CLANG_WARN_INFINITE_RECURSION = YES;
				CLANG_WARN_INT_CONVERSION = YES;
				CLANG_WARN_NON_LITERAL_NULL_CONVERSION = YES;
				CLANG_WARN_OBJC_IMPLICIT_RETAIN_SELF = YES;
				CLANG_WARN_OBJC_LITERAL_CONVERSION = YES;
				CLANG_WARN_OBJC_ROOT_CLASS = YES_ERROR;
				CLANG_WARN_QUOTED_INCLUDE_IN_FRAMEWORK_HEADER = YES;
				CLANG_WARN_RANGE_LOOP_ANALYSIS = YES;
				CLANG_WARN_STRICT_PROTOTYPES = YES;
				CLANG_WARN_SUSPICIOUS_MOVE = YES;
				CLANG_WARN_UNGUARDED_AVAILABILITY = YES_AGGRESSIVE;
				CLANG_WARN_UNREACHABLE_CODE = YES;
				CLANG_WARN__DUPLICATE_METHOD_MATCH = YES;
				COPY_PHASE_STRIP = NO;
				DEBUG_INFORMATION_FORMAT = "dwarf-with-dsym";
				ENABLE_NS_ASSERTIONS = NO;
				ENABLE_STRICT_OBJC_MSGSEND = YES;
				ENABLE_USER_SCRIPT_SANDBOXING = YES;
				GCC_C_LANGUAGE_STANDARD = gnu17;
				GCC_NO_COMMON_BLOCKS = YES;
				GCC_WARN_64_TO_32_BIT_CONVERSION = YES;
				GCC_WARN_ABOUT_RETURN_TYPE = YES_ERROR;
				GCC_WARN_UNDECLARED_SELECTOR = YES;
				GCC_WARN_UNINITIALIZED_AUTOS = YES_AGGRESSIVE;
				GCC_WARN_UNUSED_FUNCTION = YES;
				GCC_WARN_UNUSED_VARIABLE = YES;
				IPHONEOS_DEPLOYMENT_TARGET = 17.0;
				LOCALIZATION_PREFERS_STRING_CATALOGS = YES;
				MTL_ENABLE_DEBUG_INFO = NO;
				MTL_FAST_MATH = YES;
				SDKROOT = iphoneos;
				SWIFT_COMPILATION_MODE = wholemodule;
				VALIDATE_PRODUCT = YES;
			};
			name = Release;
		};
		2684DEC02B0DFEA700DF7659 /* Debug */ = {
			isa = XCBuildConfiguration;
			buildSettings = {
				ASSETCATALOG_COMPILER_APPICON_NAME = AppIcon;
				ASSETCATALOG_COMPILER_GLOBAL_ACCENT_COLOR_NAME = AccentColor;
				CODE_SIGN_STYLE = Automatic;
				CURRENT_PROJECT_VERSION = 1;
				DEVELOPMENT_ASSET_PATHS = "\"PKBank/Preview Content\"";
				DEVELOPMENT_TEAM = YLF36VC3F9;
				ENABLE_PREVIEWS = YES;
				GENERATE_INFOPLIST_FILE = YES;
				INFOPLIST_FILE = PKBank/Info.plist;
				INFOPLIST_KEY_UIApplicationSceneManifest_Generation = YES;
				INFOPLIST_KEY_UIApplicationSupportsIndirectInputEvents = YES;
				INFOPLIST_KEY_UILaunchScreen_Generation = YES;
				INFOPLIST_KEY_UISupportedInterfaceOrientations = UIInterfaceOrientationPortrait;
				INFOPLIST_KEY_UISupportedInterfaceOrientations_iPad = "UIInterfaceOrientationLandscapeLeft UIInterfaceOrientationLandscapeRight UIInterfaceOrientationPortrait UIInterfaceOrientationPortraitUpsideDown";
				LD_RUNPATH_SEARCH_PATHS = (
					"$(inherited)",
					"@executable_path/Frameworks",
				);
				MARKETING_VERSION = 1.0;
				PRODUCT_BUNDLE_IDENTIFIER = PKBank.pkbank.ios;
				PRODUCT_NAME = "$(TARGET_NAME)";
				SWIFT_EMIT_LOC_STRINGS = YES;
				SWIFT_VERSION = 5.0;
				TARGETED_DEVICE_FAMILY = "1,2";
			};
			name = Debug;
		};
		2684DEC12B0DFEA700DF7659 /* Release */ = {
			isa = XCBuildConfiguration;
			buildSettings = {
				ASSETCATALOG_COMPILER_APPICON_NAME = AppIcon;
				ASSETCATALOG_COMPILER_GLOBAL_ACCENT_COLOR_NAME = AccentColor;
				CODE_SIGN_STYLE = Automatic;
				CURRENT_PROJECT_VERSION = 1;
				DEVELOPMENT_ASSET_PATHS = "\"PKBank/Preview Content\"";
				DEVELOPMENT_TEAM = YLF36VC3F9;
				ENABLE_PREVIEWS = YES;
				GENERATE_INFOPLIST_FILE = YES;
				INFOPLIST_FILE = PKBank/Info.plist;
				INFOPLIST_KEY_UIApplicationSceneManifest_Generation = YES;
				INFOPLIST_KEY_UIApplicationSupportsIndirectInputEvents = YES;
				INFOPLIST_KEY_UILaunchScreen_Generation = YES;
				INFOPLIST_KEY_UISupportedInterfaceOrientations = UIInterfaceOrientationPortrait;
				INFOPLIST_KEY_UISupportedInterfaceOrientations_iPad = "UIInterfaceOrientationLandscapeLeft UIInterfaceOrientationLandscapeRight UIInterfaceOrientationPortrait UIInterfaceOrientationPortraitUpsideDown";
				LD_RUNPATH_SEARCH_PATHS = (
					"$(inherited)",
					"@executable_path/Frameworks",
				);
				MARKETING_VERSION = 1.0;
				PRODUCT_BUNDLE_IDENTIFIER = PKBank.pkbank.ios;
				PRODUCT_NAME = "$(TARGET_NAME)";
				SWIFT_EMIT_LOC_STRINGS = YES;
				SWIFT_VERSION = 5.0;
				TARGETED_DEVICE_FAMILY = "1,2";
			};
			name = Release;
		};
/* End XCBuildConfiguration section */

/* Begin XCConfigurationList section */
		2684DEAC2B0DFEA700DF7659 /* Build configuration list for PBXProject "PKBank" */ = {
			isa = XCConfigurationList;
			buildConfigurations = (
				2684DEBD2B0DFEA700DF7659 /* Debug */,
				2684DEBE2B0DFEA700DF7659 /* Release */,
			);
			defaultConfigurationIsVisible = 0;
			defaultConfigurationName = Release;
		};
		2684DEBF2B0DFEA700DF7659 /* Build configuration list for PBXNativeTarget "PKBank" */ = {
			isa = XCConfigurationList;
			buildConfigurations = (
				2684DEC02B0DFEA700DF7659 /* Debug */,
				2684DEC12B0DFEA700DF7659 /* Release */,
			);
			defaultConfigurationIsVisible = 0;
			defaultConfigurationName = Release;
		};
/* End XCConfigurationList section */

/* Begin XCRemoteSwiftPackageReference section */
		26E9B8812B19650600FC8B3A /* XCRemoteSwiftPackageReference "SimpleKeychain" */ = {
			isa = XCRemoteSwiftPackageReference;
			repositoryURL = "https://github.com/auth0/SimpleKeychain";
			requirement = {
				kind = upToNextMajorVersion;
				minimumVersion = 1.1.0;
			};
		};
/* End XCRemoteSwiftPackageReference section */

/* Begin XCSwiftPackageProductDependency section */
		26E9B8822B19650600FC8B3A /* SimpleKeychain */ = {
			isa = XCSwiftPackageProductDependency;
			package = 26E9B8812B19650600FC8B3A /* XCRemoteSwiftPackageReference "SimpleKeychain" */;
			productName = SimpleKeychain;
		};
/* End XCSwiftPackageProductDependency section */
	};
	rootObject = 2684DEA92B0DFEA700DF7659 /* Project object */;
}
